
Microsoft Visual Studio Solution File, Format Version 12.00
# Visual Studio Version 17
VisualStudioVersion = 17.0.31903.59
MinimumVisualStudioVersion = 10.0.40219.1
Project("{2150E333-8FDC-42A3-9474-1A3956D46DE8}") = "chapter-03", "chapter-03", "{44596733-3336-636E-770D-E71607DF8584}"
EndProject
Project("{FAE04EC0-301F-11D3-BF4B-00C04F79EFBC}") = "Arrays", "chapter-03\Arrays\Arrays.csproj", "{48FE2153-877A-4DCE-A0FF-55586247F06A}"
EndProject
Global
	GlobalSection(SolutionConfigurationPlatforms) = preSolution
		Debug|Any CPU = Debug|Any CPU
		Debug|x64 = Debug|x64
		Debug|x86 = Debug|x86
		Release|Any CPU = Release|Any CPU
		Release|x64 = Release|x64
		Release|x86 = Release|x86
	EndGlobalSection
	GlobalSection(ProjectConfigurationPlatforms) = postSolution
		{48FE2153-877A-4DCE-A0FF-55586247F06A}.Debug|Any CPU.ActiveCfg = Debug|Any CPU
		{48FE2153-877A-4DCE-A0FF-55586247F06A}.Debug|Any CPU.Build.0 = Debug|Any CPU
		{48FE2153-877A-4DCE-A0FF-55586247F06A}.Debug|x64.ActiveCfg = Debug|Any CPU
		{48FE2153-877A-4DCE-A0FF-55586247F06A}.Debug|x64.Build.0 = Debug|Any CPU
		{48FE2153-877A-4DCE-A0FF-55586247F06A}.Debug|x86.ActiveCfg = Debug|Any CPU
		{48FE2153-877A-4DCE-A0FF-55586247F06A}.Debug|x86.Build.0 = Debug|Any CPU
		{48FE2153-877A-4DCE-A0FF-55586247F06A}.Release|Any CPU.ActiveCfg = Release|Any CPU
		{48FE2153-877A-4DCE-A0FF-55586247F06A}.Release|Any CPU.Build.0 = Release|Any CPU
		{48FE2153-877A-4DCE-A0FF-55586247F06A}.Release|x64.ActiveCfg = Release|Any CPU
		{48FE2153-877A-4DCE-A0FF-55586247F06A}.Release|x64.Build.0 = Release|Any CPU
		{48FE2153-877A-4DCE-A0FF-55586247F06A}.Release|x86.ActiveCfg = Release|Any CPU
		{48FE2153-877A-4DCE-A0FF-55586247F06A}.Release|x86.Build.0 = Release|Any CPU
	EndGlobalSection
	GlobalSection(SolutionProperties) = preSolution
		HideSolutionNode = FALSE
	EndGlobalSection
	GlobalSection(NestedProjects) = preSolution
		{48FE2153-877A-4DCE-A0FF-55586247F06A} = {44596733-3336-636E-770D-E71607DF8584}
	EndGlobalSection
EndGlobal
